
Microsoft Visual Studio Solution File, Format Version 12.00
# Visual Studio 15
VisualStudioVersion = 15.0.28010.2046
MinimumVisualStudioVersion = 10.0.40219.1
Project("{F184B08F-C81C-45F6-A57F-5ABD9991F28F}") = "VB_sdaca_ver0.0.1", "VB_sdaca_ver0.0.1\VB_sdaca_ver0.0.1.vbproj", "{EC564476-8A1B-43EA-834D-F74D44BEEEBB}"
EndProject
Global
	GlobalSection(SolutionConfigurationPlatforms) = preSolution
		Debug|Any CPU = Debug|Any CPU
		Release|Any CPU = Release|Any CPU
	EndGlobalSection
	GlobalSection(ProjectConfigurationPlatforms) = postSolution
		{EC564476-8A1B-43EA-834D-F74D44BEEEBB}.Debug|Any CPU.ActiveCfg = Debug|Any CPU
		{EC564476-8A1B-43EA-834D-F74D44BEEEBB}.Debug|Any CPU.Build.0 = Debug|Any CPU
		{EC564476-8A1B-43EA-834D-F74D44BEEEBB}.Release|Any CPU.ActiveCfg = Release|Any CPU
		{EC564476-8A1B-43EA-834D-F74D44BEEEBB}.Release|Any CPU.Build.0 = Release|Any CPU
	EndGlobalSection
	GlobalSection(SolutionProperties) = preSolution
		HideSolutionNode = FALSE
	EndGlobalSection
	GlobalSection(ExtensibilityGlobals) = postSolution
		SolutionGuid = {CDEB792A-D2DF-46A8-A062-891627F54B55}
	EndGlobalSection
EndGlobal
